
Microsoft Visual Studio Solution File, Format Version 12.00
# Visual Studio Version 16
VisualStudioVersion = 16.0.31702.278
MinimumVisualStudioVersion = 10.0.40219.1
Project("{FAE04EC0-301F-11D3-BF4B-00C04F79EFBC}") = "LayerAdmin", "LayerAdmin\LayerAdmin.csproj", "{48D46DBD-E25D-4234-A44F-DBE9E20CFF74}"
EndProject
Project("{FAE04EC0-301F-11D3-BF4B-00C04F79EFBC}") = "LayerAdminShop", "LayerAdminShop\LayerAdminShop.csproj", "{8CAB8F69-D069-4F54-8F6F-ACA8163E2508}"
EndProject
Global
	GlobalSection(SolutionConfigurationPlatforms) = preSolution
		Debug|Any CPU = Debug|Any CPU
		Release|Any CPU = Release|Any CPU
	EndGlobalSection
	GlobalSection(ProjectConfigurationPlatforms) = postSolution
		{48D46DBD-E25D-4234-A44F-DBE9E20CFF74}.Debug|Any CPU.ActiveCfg = Debug|Any CPU
		{48D46DBD-E25D-4234-A44F-DBE9E20CFF74}.Debug|Any CPU.Build.0 = Debug|Any CPU
		{48D46DBD-E25D-4234-A44F-DBE9E20CFF74}.Release|Any CPU.ActiveCfg = Release|Any CPU
		{48D46DBD-E25D-4234-A44F-DBE9E20CFF74}.Release|Any CPU.Build.0 = Release|Any CPU
		{8CAB8F69-D069-4F54-8F6F-ACA8163E2508}.Debug|Any CPU.ActiveCfg = Debug|Any CPU
		{8CAB8F69-D069-4F54-8F6F-ACA8163E2508}.Debug|Any CPU.Build.0 = Debug|Any CPU
		{8CAB8F69-D069-4F54-8F6F-ACA8163E2508}.Release|Any CPU.ActiveCfg = Release|Any CPU
		{8CAB8F69-D069-4F54-8F6F-ACA8163E2508}.Release|Any CPU.Build.0 = Release|Any CPU
	EndGlobalSection
	GlobalSection(SolutionProperties) = preSolution
		HideSolutionNode = FALSE
	EndGlobalSection
	GlobalSection(ExtensibilityGlobals) = postSolution
		SolutionGuid = {A05426AC-FCE3-4C86-8887-8A88E917DDF5}
	EndGlobalSection
EndGlobal
